// !$*UTF8*$!
{
	archiveVersion = 1;
	classes = {
	};
	objectVersion = 56;
	objects = {

/* Begin PBXBuildFile section */
		0111E2D2E62D8473C8B936FD /* Pods_RealmCarsList.framework in Frameworks */ = {isa = PBXBuildFile; fileRef = 1B18B31A121CD1CCBF59E179 /* Pods_RealmCarsList.framework */; };
		972E73FA2BCAAB630043ED4C /* AppDelegate.swift in Sources */ = {isa = PBXBuildFile; fileRef = 972E73F92BCAAB630043ED4C /* AppDelegate.swift */; };
		972E73FC2BCAAB630043ED4C /* SceneDelegate.swift in Sources */ = {isa = PBXBuildFile; fileRef = 972E73FB2BCAAB630043ED4C /* SceneDelegate.swift */; };
		972E74032BCAAB660043ED4C /* Assets.xcassets in Resources */ = {isa = PBXBuildFile; fileRef = 972E74022BCAAB660043ED4C /* Assets.xcassets */; };
		972E74062BCAAB660043ED4C /* LaunchScreen.storyboard in Resources */ = {isa = PBXBuildFile; fileRef = 972E74042BCAAB660043ED4C /* LaunchScreen.storyboard */; };
		97E3CF1C2BCAAEA700FE1141 /* Model.swift in Sources */ = {isa = PBXBuildFile; fileRef = 97E3CF1B2BCAAEA700FE1141 /* Model.swift */; };
		97E3CF1E2BCAAFE900FE1141 /* CarsListTableViewController.swift in Sources */ = {isa = PBXBuildFile; fileRef = 97E3CF1D2BCAAFE900FE1141 /* CarsListTableViewController.swift */; };
		97E3CF202BCAB05800FE1141 /* CarsViewController.swift in Sources */ = {isa = PBXBuildFile; fileRef = 97E3CF1F2BCAB05800FE1141 /* CarsViewController.swift */; };
		97E3CF252BCAB4A100FE1141 /* RealmManager.swift in Sources */ = {isa = PBXBuildFile; fileRef = 97E3CF242BCAB4A100FE1141 /* RealmManager.swift */; };
/* End PBXBuildFile section */

/* Begin PBXFileReference section */
		1A177793687024FC4E255B73 /* Pods-RealmCarsList.debug.xcconfig */ = {isa = PBXFileReference; includeInIndex = 1; lastKnownFileType = text.xcconfig; name = "Pods-RealmCarsList.debug.xcconfig"; path = "Target Support Files/Pods-RealmCarsList/Pods-RealmCarsList.debug.xcconfig"; sourceTree = "<group>"; };
		1B18B31A121CD1CCBF59E179 /* Pods_RealmCarsList.framework */ = {isa = PBXFileReference; explicitFileType = wrapper.framework; includeInIndex = 0; path = Pods_RealmCarsList.framework; sourceTree = BUILT_PRODUCTS_DIR; };
		972E73F62BCAAB630043ED4C /* RealmCarsList.app */ = {isa = PBXFileReference; explicitFileType = wrapper.application; includeInIndex = 0; path = RealmCarsList.app; sourceTree = BUILT_PRODUCTS_DIR; };
		972E73F92BCAAB630043ED4C /* AppDelegate.swift */ = {isa = PBXFileReference; lastKnownFileType = sourcecode.swift; path = AppDelegate.swift; sourceTree = "<group>"; };
		972E73FB2BCAAB630043ED4C /* SceneDelegate.swift */ = {isa = PBXFileReference; lastKnownFileType = sourcecode.swift; path = SceneDelegate.swift; sourceTree = "<group>"; };
		972E74022BCAAB660043ED4C /* Assets.xcassets */ = {isa = PBXFileReference; lastKnownFileType = folder.assetcatalog; path = Assets.xcassets; sourceTree = "<group>"; };
		972E74052BCAAB660043ED4C /* Base */ = {isa = PBXFileReference; lastKnownFileType = file.storyboard; name = Base; path = Base.lproj/LaunchScreen.storyboard; sourceTree = "<group>"; };
		972E74072BCAAB660043ED4C /* Info.plist */ = {isa = PBXFileReference; lastKnownFileType = text.plist.xml; path = Info.plist; sourceTree = "<group>"; };
		97E3CF1B2BCAAEA700FE1141 /* Model.swift */ = {isa = PBXFileReference; lastKnownFileType = sourcecode.swift; path = Model.swift; sourceTree = "<group>"; };
		97E3CF1D2BCAAFE900FE1141 /* CarsListTableViewController.swift */ = {isa = PBXFileReference; lastKnownFileType = sourcecode.swift; path = CarsListTableViewController.swift; sourceTree = "<group>"; };
		97E3CF1F2BCAB05800FE1141 /* CarsViewController.swift */ = {isa = PBXFileReference; lastKnownFileType = sourcecode.swift; path = CarsViewController.swift; sourceTree = "<group>"; };
		97E3CF242BCAB4A100FE1141 /* RealmManager.swift */ = {isa = PBXFileReference; lastKnownFileType = sourcecode.swift; path = RealmManager.swift; sourceTree = "<group>"; };
		F070EB1FD2C7A99BCF504890 /* Pods-RealmCarsList.release.xcconfig */ = {isa = PBXFileReference; includeInIndex = 1; lastKnownFileType = text.xcconfig; name = "Pods-RealmCarsList.release.xcconfig"; path = "Target Support Files/Pods-RealmCarsList/Pods-RealmCarsList.release.xcconfig"; sourceTree = "<group>"; };
/* End PBXFileReference section */

/* Begin PBXFrameworksBuildPhase section */
		972E73F32BCAAB630043ED4C /* Frameworks */ = {
			isa = PBXFrameworksBuildPhase;
			buildActionMask = 2147483647;
			files = (
				0111E2D2E62D8473C8B936FD /* Pods_RealmCarsList.framework in Frameworks */,
			);
			runOnlyForDeploymentPostprocessing = 0;
		};
/* End PBXFrameworksBuildPhase section */

/* Begin PBXGroup section */
		1F9AB79926F45AAAD6C17DDA /* Pods */ = {
			isa = PBXGroup;
			children = (
				1A177793687024FC4E255B73 /* Pods-RealmCarsList.debug.xcconfig */,
				F070EB1FD2C7A99BCF504890 /* Pods-RealmCarsList.release.xcconfig */,
			);
			path = Pods;
			sourceTree = "<group>";
		};
		972E73ED2BCAAB620043ED4C = {
			isa = PBXGroup;
			children = (
				972E73F82BCAAB630043ED4C /* RealmCarsList */,
				972E73F72BCAAB630043ED4C /* Products */,
				1F9AB79926F45AAAD6C17DDA /* Pods */,
				C0F6BB56237F661BD1EC9642 /* Frameworks */,
			);
			sourceTree = "<group>";
		};
		972E73F72BCAAB630043ED4C /* Products */ = {
			isa = PBXGroup;
			children = (
				972E73F62BCAAB630043ED4C /* RealmCarsList.app */,
			);
			name = Products;
			sourceTree = "<group>";
		};
		972E73F82BCAAB630043ED4C /* RealmCarsList */ = {
			isa = PBXGroup;
			children = (
				97E3CF232BCAB44800FE1141 /* Supporting files */,
				97E3CF222BCAB43000FE1141 /* Service */,
				97E3CF212BCAB42300FE1141 /* Model */,
				972E74072BCAAB660043ED4C /* Info.plist */,
				97E3CF1D2BCAAFE900FE1141 /* CarsListTableViewController.swift */,
				97E3CF1F2BCAB05800FE1141 /* CarsViewController.swift */,
			);
			path = RealmCarsList;
			sourceTree = "<group>";
		};
		97E3CF212BCAB42300FE1141 /* Model */ = {
			isa = PBXGroup;
			children = (
				97E3CF1B2BCAAEA700FE1141 /* Model.swift */,
			);
			name = Model;
			sourceTree = "<group>";
		};
		97E3CF222BCAB43000FE1141 /* Service */ = {
			isa = PBXGroup;
			children = (
				97E3CF242BCAB4A100FE1141 /* RealmManager.swift */,
			);
			name = Service;
			sourceTree = "<group>";
		};
		97E3CF232BCAB44800FE1141 /* Supporting files */ = {
			isa = PBXGroup;
			children = (
				972E73F92BCAAB630043ED4C /* AppDelegate.swift */,
				972E73FB2BCAAB630043ED4C /* SceneDelegate.swift */,
				972E74042BCAAB660043ED4C /* LaunchScreen.storyboard */,
				972E74022BCAAB660043ED4C /* Assets.xcassets */,
			);
			name = "Supporting files";
			sourceTree = "<group>";
		};
		C0F6BB56237F661BD1EC9642 /* Frameworks */ = {
			isa = PBXGroup;
			children = (
				1B18B31A121CD1CCBF59E179 /* Pods_RealmCarsList.framework */,
			);
			name = Frameworks;
			sourceTree = "<group>";
		};
/* End PBXGroup section */

/* Begin PBXNativeTarget section */
		972E73F52BCAAB630043ED4C /* RealmCarsList */ = {
			isa = PBXNativeTarget;
			buildConfigurationList = 972E740A2BCAAB660043ED4C /* Build configuration list for PBXNativeTarget "RealmCarsList" */;
			buildPhases = (
				FB42CF3A9E1489E91E03303C /* [CP] Check Pods Manifest.lock */,
				972E73F22BCAAB630043ED4C /* Sources */,
				972E73F32BCAAB630043ED4C /* Frameworks */,
				972E73F42BCAAB630043ED4C /* Resources */,
				F14C8ACA1ED061F6DF10AF99 /* [CP] Embed Pods Frameworks */,
			);
			buildRules = (
			);
			dependencies = (
			);
			name = RealmCarsList;
			productName = RealmCarsList;
			productReference = 972E73F62BCAAB630043ED4C /* RealmCarsList.app */;
			productType = "com.apple.product-type.application";
		};
/* End PBXNativeTarget section */

/* Begin PBXProject section */
		972E73EE2BCAAB620043ED4C /* Project object */ = {
			isa = PBXProject;
			attributes = {
				BuildIndependentTargetsInParallel = 1;
				LastSwiftUpdateCheck = 1420;
				LastUpgradeCheck = 1420;
				TargetAttributes = {
					972E73F52BCAAB630043ED4C = {
						CreatedOnToolsVersion = 14.2;
					};
				};
			};
			buildConfigurationList = 972E73F12BCAAB620043ED4C /* Build configuration list for PBXProject "RealmCarsList" */;
			compatibilityVersion = "Xcode 14.0";
			developmentRegion = en;
			hasScannedForEncodings = 0;
			knownRegions = (
				en,
				Base,
			);
			mainGroup = 972E73ED2BCAAB620043ED4C;
			productRefGroup = 972E73F72BCAAB630043ED4C /* Products */;
			projectDirPath = "";
			projectRoot = "";
			targets = (
				972E73F52BCAAB630043ED4C /* RealmCarsList */,
			);
		};
/* End PBXProject section */

/* Begin PBXResourcesBuildPhase section */
		972E73F42BCAAB630043ED4C /* Resources */ = {
			isa = PBXResourcesBuildPhase;
			buildActionMask = 2147483647;
			files = (
				972E74062BCAAB660043ED4C /* LaunchScreen.storyboard in Resources */,
				972E74032BCAAB660043ED4C /* Assets.xcassets in Resources */,
			);
			runOnlyForDeploymentPostprocessing = 0;
		};
/* End PBXResourcesBuildPhase section */

/* Begin PBXShellScriptBuildPhase section */
		F14C8ACA1ED061F6DF10AF99 /* [CP] Embed Pods Frameworks */ = {
			isa = PBXShellScriptBuildPhase;
			buildActionMask = 2147483647;
			files = (
			);
			inputFileListPaths = (
				"${PODS_ROOT}/Target Support Files/Pods-RealmCarsList/Pods-RealmCarsList-frameworks-${CONFIGURATION}-input-files.xcfilelist",
			);
			name = "[CP] Embed Pods Frameworks";
			outputFileListPaths = (
				"${PODS_ROOT}/Target Support Files/Pods-RealmCarsList/Pods-RealmCarsList-frameworks-${CONFIGURATION}-output-files.xcfilelist",
			);
			runOnlyForDeploymentPostprocessing = 0;
			shellPath = /bin/sh;
			shellScript = "\"${PODS_ROOT}/Target Support Files/Pods-RealmCarsList/Pods-RealmCarsList-frameworks.sh\"\n";
			showEnvVarsInLog = 0;
		};
		FB42CF3A9E1489E91E03303C /* [CP] Check Pods Manifest.lock */ = {
			isa = PBXShellScriptBuildPhase;
			buildActionMask = 2147483647;
			files = (
			);
			inputFileListPaths = (
			);
			inputPaths = (
				"${PODS_PODFILE_DIR_PATH}/Podfile.lock",
				"${PODS_ROOT}/Manifest.lock",
			);
			name = "[CP] Check Pods Manifest.lock";
			outputFileListPaths = (
			);
			outputPaths = (
				"$(DERIVED_FILE_DIR)/Pods-RealmCarsList-checkManifestLockResult.txt",
			);
			runOnlyForDeploymentPostprocessing = 0;
			shellPath = /bin/sh;
			shellScript = "diff \"${PODS_PODFILE_DIR_PATH}/Podfile.lock\" \"${PODS_ROOT}/Manifest.lock\" > /dev/null\nif [ $? != 0 ] ; then\n    # print error to STDERR\n    echo \"error: The sandbox is not in sync with the Podfile.lock. Run 'pod install' or update your CocoaPods installation.\" >&2\n    exit 1\nfi\n# This output is used by Xcode 'outputs' to avoid re-running this script phase.\necho \"SUCCESS\" > \"${SCRIPT_OUTPUT_FILE_0}\"\n";
			showEnvVarsInLog = 0;
		};
/* End PBXShellScriptBuildPhase section */

/* Begin PBXSourcesBuildPhase section */
		972E73F22BCAAB630043ED4C /* Sources */ = {
			isa = PBXSourcesBuildPhase;
			buildActionMask = 2147483647;
			files = (
				97E3CF1C2BCAAEA700FE1141 /* Model.swift in Sources */,
				97E3CF1E2BCAAFE900FE1141 /* CarsListTableViewController.swift in Sources */,
				972E73FA2BCAAB630043ED4C /* AppDelegate.swift in Sources */,
				972E73FC2BCAAB630043ED4C /* SceneDelegate.swift in Sources */,
				97E3CF252BCAB4A100FE1141 /* RealmManager.swift in Sources */,
				97E3CF202BCAB05800FE1141 /* CarsViewController.swift in Sources */,
			);
			runOnlyForDeploymentPostprocessing = 0;
		};
/* End PBXSourcesBuildPhase section */

/* Begin PBXVariantGroup section */
		972E74042BCAAB660043ED4C /* LaunchScreen.storyboard */ = {
			isa = PBXVariantGroup;
			children = (
				972E74052BCAAB660043ED4C /* Base */,
			);
			name = LaunchScreen.storyboard;
			sourceTree = "<group>";
		};
/* End PBXVariantGroup section */

/* Begin XCBuildConfiguration section */
		972E74082BCAAB660043ED4C /* Debug */ = {
			isa = XCBuildConfiguration;
			buildSettings = {
				ALWAYS_SEARCH_USER_PATHS = NO;
				CLANG_ANALYZER_NONNULL = YES;
				CLANG_ANALYZER_NUMBER_OBJECT_CONVERSION = YES_AGGRESSIVE;
				CLANG_CXX_LANGUAGE_STANDARD = "gnu++20";
				CLANG_ENABLE_MODULES = YES;
				CLANG_ENABLE_OBJC_ARC = YES;
				CLANG_ENABLE_OBJC_WEAK = YES;
				CLANG_WARN_BLOCK_CAPTURE_AUTORELEASING = YES;
				CLANG_WARN_BOOL_CONVERSION = YES;
				CLANG_WARN_COMMA = YES;
				CLANG_WARN_CONSTANT_CONVERSION = YES;
				CLANG_WARN_DEPRECATED_OBJC_IMPLEMENTATIONS = YES;
				CLANG_WARN_DIRECT_OBJC_ISA_USAGE = YES_ERROR;
				CLANG_WARN_DOCUMENTATION_COMMENTS = YES;
				CLANG_WARN_EMPTY_BODY = YES;
				CLANG_WARN_ENUM_CONVERSION = YES;
				CLANG_WARN_INFINITE_RECURSION = YES;
				CLANG_WARN_INT_CONVERSION = YES;
				CLANG_WARN_NON_LITERAL_NULL_CONVERSION = YES;
				CLANG_WARN_OBJC_IMPLICIT_RETAIN_SELF = YES;
				CLANG_WARN_OBJC_LITERAL_CONVERSION = YES;
				CLANG_WARN_OBJC_ROOT_CLASS = YES_ERROR;
				CLANG_WARN_QUOTED_INCLUDE_IN_FRAMEWORK_HEADER = YES;
				CLANG_WARN_RANGE_LOOP_ANALYSIS = YES;
				CLANG_WARN_STRICT_PROTOTYPES = YES;
				CLANG_WARN_SUSPICIOUS_MOVE = YES;
				CLANG_WARN_UNGUARDED_AVAILABILITY = YES_AGGRESSIVE;
				CLANG_WARN_UNREACHABLE_CODE = YES;
				CLANG_WARN__DUPLICATE_METHOD_MATCH = YES;
				COPY_PHASE_STRIP = NO;
				DEBUG_INFORMATION_FORMAT = dwarf;
				ENABLE_STRICT_OBJC_MSGSEND = YES;
				ENABLE_TESTABILITY = YES;
				GCC_C_LANGUAGE_STANDARD = gnu11;
				GCC_DYNAMIC_NO_PIC = NO;
				GCC_NO_COMMON_BLOCKS = YES;
				GCC_OPTIMIZATION_LEVEL = 0;
				GCC_PREPROCESSOR_DEFINITIONS = (
					"DEBUG=1",
					"$(inherited)",
				);
				GCC_WARN_64_TO_32_BIT_CONVERSION = YES;
				GCC_WARN_ABOUT_RETURN_TYPE = YES_ERROR;
				GCC_WARN_UNDECLARED_SELECTOR = YES;
				GCC_WARN_UNINITIALIZED_AUTOS = YES_AGGRESSIVE;
				GCC_WARN_UNUSED_FUNCTION = YES;
				GCC_WARN_UNUSED_VARIABLE = YES;
				IPHONEOS_DEPLOYMENT_TARGET = 16.2;
				MTL_ENABLE_DEBUG_INFO = INCLUDE_SOURCE;
				MTL_FAST_MATH = YES;
				ONLY_ACTIVE_ARCH = YES;
				SDKROOT = iphoneos;
				SWIFT_ACTIVE_COMPILATION_CONDITIONS = DEBUG;
				SWIFT_OPTIMIZATION_LEVEL = "-Onone";
			};
			name = Debug;
		};
		972E74092BCAAB660043ED4C /* Release */ = {
			isa = XCBuildConfiguration;
			buildSettings = {
				ALWAYS_SEARCH_USER_PATHS = NO;
				CLANG_ANALYZER_NONNULL = YES;
				CLANG_ANALYZER_NUMBER_OBJECT_CONVERSION = YES_AGGRESSIVE;
				CLANG_CXX_LANGUAGE_STANDARD = "gnu++20";
				CLANG_ENABLE_MODULES = YES;
				CLANG_ENABLE_OBJC_ARC = YES;
				CLANG_ENABLE_OBJC_WEAK = YES;
				CLANG_WARN_BLOCK_CAPTURE_AUTORELEASING = YES;
				CLANG_WARN_BOOL_CONVERSION = YES;
				CLANG_WARN_COMMA = YES;
				CLANG_WARN_CONSTANT_CONVERSION = YES;
				CLANG_WARN_DEPRECATED_OBJC_IMPLEMENTATIONS = YES;
				CLANG_WARN_DIRECT_OBJC_ISA_USAGE = YES_ERROR;
				CLANG_WARN_DOCUMENTATION_COMMENTS = YES;
				CLANG_WARN_EMPTY_BODY = YES;
				CLANG_WARN_ENUM_CONVERSION = YES;
				CLANG_WARN_INFINITE_RECURSION = YES;
				CLANG_WARN_INT_CONVERSION = YES;
				CLANG_WARN_NON_LITERAL_NULL_CONVERSION = YES;
				CLANG_WARN_OBJC_IMPLICIT_RETAIN_SELF = YES;
				CLANG_WARN_OBJC_LITERAL_CONVERSION = YES;
				CLANG_WARN_OBJC_ROOT_CLASS = YES_ERROR;
				CLANG_WARN_QUOTED_INCLUDE_IN_FRAMEWORK_HEADER = YES;
				CLANG_WARN_RANGE_LOOP_ANALYSIS = YES;
				CLANG_WARN_STRICT_PROTOTYPES = YES;
				CLANG_WARN_SUSPICIOUS_MOVE = YES;
				CLANG_WARN_UNGUARDED_AVAILABILITY = YES_AGGRESSIVE;
				CLANG_WARN_UNREACHABLE_CODE = YES;
				CLANG_WARN__DUPLICATE_METHOD_MATCH = YES;
				COPY_PHASE_STRIP = NO;
				DEBUG_INFORMATION_FORMAT = "dwarf-with-dsym";
				ENABLE_NS_ASSERTIONS = NO;
				ENABLE_STRICT_OBJC_MSGSEND = YES;
				GCC_C_LANGUAGE_STANDARD = gnu11;
				GCC_NO_COMMON_BLOCKS = YES;
				GCC_WARN_64_TO_32_BIT_CONVERSION = YES;
				GCC_WARN_ABOUT_RETURN_TYPE = YES_ERROR;
				GCC_WARN_UNDECLARED_SELECTOR = YES;
				GCC_WARN_UNINITIALIZED_AUTOS = YES_AGGRESSIVE;
				GCC_WARN_UNUSED_FUNCTION = YES;
				GCC_WARN_UNUSED_VARIABLE = YES;
				IPHONEOS_DEPLOYMENT_TARGET = 16.2;
				MTL_ENABLE_DEBUG_INFO = NO;
				MTL_FAST_MATH = YES;
				SDKROOT = iphoneos;
				SWIFT_COMPILATION_MODE = wholemodule;
				SWIFT_OPTIMIZATION_LEVEL = "-O";
				VALIDATE_PRODUCT = YES;
			};
			name = Release;
		};
		972E740B2BCAAB660043ED4C /* Debug */ = {
			isa = XCBuildConfiguration;
			baseConfigurationReference = 1A177793687024FC4E255B73 /* Pods-RealmCarsList.debug.xcconfig */;
			buildSettings = {
				ASSETCATALOG_COMPILER_APPICON_NAME = AppIcon;
				ASSETCATALOG_COMPILER_GLOBAL_ACCENT_COLOR_NAME = AccentColor;
				CODE_SIGN_STYLE = Automatic;
				CURRENT_PROJECT_VERSION = 1;
				DEVELOPMENT_TEAM = 34J5YT7CZ4;
				GENERATE_INFOPLIST_FILE = YES;
				INFOPLIST_FILE = RealmCarsList/Info.plist;
				INFOPLIST_KEY_UIApplicationSupportsIndirectInputEvents = YES;
				INFOPLIST_KEY_UILaunchStoryboardName = LaunchScreen;
				INFOPLIST_KEY_UISupportedInterfaceOrientations_iPad = "UIInterfaceOrientationPortrait UIInterfaceOrientationPortraitUpsideDown UIInterfaceOrientationLandscapeLeft UIInterfaceOrientationLandscapeRight";
				INFOPLIST_KEY_UISupportedInterfaceOrientations_iPhone = "UIInterfaceOrientationPortrait UIInterfaceOrientationLandscapeLeft UIInterfaceOrientationLandscapeRight";
				LD_RUNPATH_SEARCH_PATHS = (
					"$(inherited)",
					"@executable_path/Frameworks",
				);
				MARKETING_VERSION = 1.0;
				PRODUCT_BUNDLE_IDENTIFIER = Yanouskiy.RealmCarsList;
				PRODUCT_NAME = "$(TARGET_NAME)";
				SWIFT_EMIT_LOC_STRINGS = YES;
				SWIFT_VERSION = 5.0;
				TARGETED_DEVICE_FAMILY = "1,2";
			};
			name = Debug;
		};
		972E740C2BCAAB660043ED4C /* Release */ = {
			isa = XCBuildConfiguration;
			baseConfigurationReference = F070EB1FD2C7A99BCF504890 /* Pods-RealmCarsList.release.xcconfig */;
			buildSettings = {
				ASSETCATALOG_COMPILER_APPICON_NAME = AppIcon;
				ASSETCATALOG_COMPILER_GLOBAL_ACCENT_COLOR_NAME = AccentColor;
				CODE_SIGN_STYLE = Automatic;
				CURRENT_PROJECT_VERSION = 1;
				DEVELOPMENT_TEAM = 34J5YT7CZ4;
				GENERATE_INFOPLIST_FILE = YES;
				INFOPLIST_FILE = RealmCarsList/Info.plist;
				INFOPLIST_KEY_UIApplicationSupportsIndirectInputEvents = YES;
				INFOPLIST_KEY_UILaunchStoryboardName = LaunchScreen;
				INFOPLIST_KEY_UISupportedInterfaceOrientations_iPad = "UIInterfaceOrientationPortrait UIInterfaceOrientationPortraitUpsideDown UIInterfaceOrientationLandscapeLeft UIInterfaceOrientationLandscapeRight";
				INFOPLIST_KEY_UISupportedInterfaceOrientations_iPhone = "UIInterfaceOrientationPortrait UIInterfaceOrientationLandscapeLeft UIInterfaceOrientationLandscapeRight";
				LD_RUNPATH_SEARCH_PATHS = (
					"$(inherited)",
					"@executable_path/Frameworks",
				);
				MARKETING_VERSION = 1.0;
				PRODUCT_BUNDLE_IDENTIFIER = Yanouskiy.RealmCarsList;
				PRODUCT_NAME = "$(TARGET_NAME)";
				SWIFT_EMIT_LOC_STRINGS = YES;
				SWIFT_VERSION = 5.0;
				TARGETED_DEVICE_FAMILY = "1,2";
			};
			name = Release;
		};
/* End XCBuildConfiguration section */

/* Begin XCConfigurationList section */
		972E73F12BCAAB620043ED4C /* Build configuration list for PBXProject "RealmCarsList" */ = {
			isa = XCConfigurationList;
			buildConfigurations = (
				972E74082BCAAB660043ED4C /* Debug */,
				972E74092BCAAB660043ED4C /* Release */,
			);
			defaultConfigurationIsVisible = 0;
			defaultConfigurationName = Release;
		};
		972E740A2BCAAB660043ED4C /* Build configuration list for PBXNativeTarget "RealmCarsList" */ = {
			isa = XCConfigurationList;
			buildConfigurations = (
				972E740B2BCAAB660043ED4C /* Debug */,
				972E740C2BCAAB660043ED4C /* Release */,
			);
			defaultConfigurationIsVisible = 0;
			defaultConfigurationName = Release;
		};
/* End XCConfigurationList section */
	};
	rootObject = 972E73EE2BCAAB620043ED4C /* Project object */;
}
